// !$*UTF8*$!
{
	archiveVersion = 1;
	classes = {
	};
	objectVersion = 55;
	objects = {

/* Begin PBXBuildFile section */
		115907F628A0EC8A002C1C2F /* EditPresenter.swift in Sources */ = {isa = PBXBuildFile; fileRef = 115907F528A0EC8A002C1C2F /* EditPresenter.swift */; };
		115907F828A0EC95002C1C2F /* EditRouter.swift in Sources */ = {isa = PBXBuildFile; fileRef = 115907F728A0EC95002C1C2F /* EditRouter.swift */; };
		115907FA28A0ECAB002C1C2F /* EditInteractor.swift in Sources */ = {isa = PBXBuildFile; fileRef = 115907F928A0ECAB002C1C2F /* EditInteractor.swift */; };
		115907FC28A0ECD7002C1C2F /* CreateRouting.swift in Sources */ = {isa = PBXBuildFile; fileRef = 115907FB28A0ECD7002C1C2F /* CreateRouting.swift */; };
		115907FE28A0ECE3002C1C2F /* CreateInteractor.swift in Sources */ = {isa = PBXBuildFile; fileRef = 115907FD28A0ECE3002C1C2F /* CreateInteractor.swift */; };
		1159080028A0ECF1002C1C2F /* CreatePresenter.swift in Sources */ = {isa = PBXBuildFile; fileRef = 115907FF28A0ECF1002C1C2F /* CreatePresenter.swift */; };
		117327C62898FCD000188044 /* AppDelegate.swift in Sources */ = {isa = PBXBuildFile; fileRef = 117327C52898FCD000188044 /* AppDelegate.swift */; };
		117327C82898FCD000188044 /* SceneDelegate.swift in Sources */ = {isa = PBXBuildFile; fileRef = 117327C72898FCD000188044 /* SceneDelegate.swift */; };
		117327CA2898FCD000188044 /* ViewController.swift in Sources */ = {isa = PBXBuildFile; fileRef = 117327C92898FCD000188044 /* ViewController.swift */; };
		117327CD2898FCD000188044 /* Main.storyboard in Resources */ = {isa = PBXBuildFile; fileRef = 117327CB2898FCD000188044 /* Main.storyboard */; };
		117327CF2898FCD200188044 /* Assets.xcassets in Resources */ = {isa = PBXBuildFile; fileRef = 117327CE2898FCD200188044 /* Assets.xcassets */; };
		117327D22898FCD200188044 /* LaunchScreen.storyboard in Resources */ = {isa = PBXBuildFile; fileRef = 117327D02898FCD200188044 /* LaunchScreen.storyboard */; };
		117327DE2898FDB700188044 /* Network.swift in Sources */ = {isa = PBXBuildFile; fileRef = 117327DD2898FDB700188044 /* Network.swift */; };
		117327E02898FDC900188044 /* Post.swift in Sources */ = {isa = PBXBuildFile; fileRef = 117327DF2898FDC900188044 /* Post.swift */; };
		117327E32898FDEA00188044 /* PostTableViewCell.swift in Sources */ = {isa = PBXBuildFile; fileRef = 117327E12898FDE900188044 /* PostTableViewCell.swift */; };
		117327E42898FDEA00188044 /* PostTableViewCell.xib in Resources */ = {isa = PBXBuildFile; fileRef = 117327E22898FDEA00188044 /* PostTableViewCell.xib */; };
		117327E62898FE0000188044 /* BaseViewController.swift in Sources */ = {isa = PBXBuildFile; fileRef = 117327E52898FE0000188044 /* BaseViewController.swift */; };
		117327E92898FE0A00188044 /* HomeViewController.swift in Sources */ = {isa = PBXBuildFile; fileRef = 117327E72898FE0A00188044 /* HomeViewController.swift */; };
		117327EA2898FE0A00188044 /* HomeViewController.xib in Resources */ = {isa = PBXBuildFile; fileRef = 117327E82898FE0A00188044 /* HomeViewController.xib */; };
		117327ED2898FE1500188044 /* CreateViewController.swift in Sources */ = {isa = PBXBuildFile; fileRef = 117327EB2898FE1500188044 /* CreateViewController.swift */; };
		117327EE2898FE1500188044 /* CreateViewController.xib in Resources */ = {isa = PBXBuildFile; fileRef = 117327EC2898FE1500188044 /* CreateViewController.xib */; };
		117327F22898FE2700188044 /* EditViewController.swift in Sources */ = {isa = PBXBuildFile; fileRef = 117327F02898FE2700188044 /* EditViewController.swift */; };
		117327F32898FE2700188044 /* EditViewController.xib in Resources */ = {isa = PBXBuildFile; fileRef = 117327F12898FE2700188044 /* EditViewController.xib */; };
		117327F72899037600188044 /* HomePresenter.swift in Sources */ = {isa = PBXBuildFile; fileRef = 117327F62899037600188044 /* HomePresenter.swift */; };
		117327F92899038600188044 /* HomeInteractor.swift in Sources */ = {isa = PBXBuildFile; fileRef = 117327F82899038600188044 /* HomeInteractor.swift */; };
		117327FB2899039400188044 /* HomeRouting.swift in Sources */ = {isa = PBXBuildFile; fileRef = 117327FA2899039400188044 /* HomeRouting.swift */; };
		117327FD2899039F00188044 /* HttpManager.swift in Sources */ = {isa = PBXBuildFile; fileRef = 117327FC2899039F00188044 /* HttpManager.swift */; };
		AE9536978F70694BE1F04D1E /* Pods_StoryboardViper.framework in Frameworks */ = {isa = PBXBuildFile; fileRef = D3777EF6D54809CC3AF19EDF /* Pods_StoryboardViper.framework */; };
/* End PBXBuildFile section */

/* Begin PBXFileReference section */
		115907F528A0EC8A002C1C2F /* EditPresenter.swift */ = {isa = PBXFileReference; lastKnownFileType = sourcecode.swift; path = EditPresenter.swift; sourceTree = "<group>"; };
		115907F728A0EC95002C1C2F /* EditRouter.swift */ = {isa = PBXFileReference; lastKnownFileType = sourcecode.swift; path = EditRouter.swift; sourceTree = "<group>"; };
		115907F928A0ECAB002C1C2F /* EditInteractor.swift */ = {isa = PBXFileReference; lastKnownFileType = sourcecode.swift; path = EditInteractor.swift; sourceTree = "<group>"; };
		115907FB28A0ECD7002C1C2F /* CreateRouting.swift */ = {isa = PBXFileReference; lastKnownFileType = sourcecode.swift; path = CreateRouting.swift; sourceTree = "<group>"; };
		115907FD28A0ECE3002C1C2F /* CreateInteractor.swift */ = {isa = PBXFileReference; lastKnownFileType = sourcecode.swift; path = CreateInteractor.swift; sourceTree = "<group>"; };
		115907FF28A0ECF1002C1C2F /* CreatePresenter.swift */ = {isa = PBXFileReference; lastKnownFileType = sourcecode.swift; path = CreatePresenter.swift; sourceTree = "<group>"; };
		117327C22898FCD000188044 /* StoryboardViper.app */ = {isa = PBXFileReference; explicitFileType = wrapper.application; includeInIndex = 0; path = StoryboardViper.app; sourceTree = BUILT_PRODUCTS_DIR; };
		117327C52898FCD000188044 /* AppDelegate.swift */ = {isa = PBXFileReference; lastKnownFileType = sourcecode.swift; path = AppDelegate.swift; sourceTree = "<group>"; };
		117327C72898FCD000188044 /* SceneDelegate.swift */ = {isa = PBXFileReference; lastKnownFileType = sourcecode.swift; path = SceneDelegate.swift; sourceTree = "<group>"; };
		117327C92898FCD000188044 /* ViewController.swift */ = {isa = PBXFileReference; lastKnownFileType = sourcecode.swift; path = ViewController.swift; sourceTree = "<group>"; };
		117327CC2898FCD000188044 /* Base */ = {isa = PBXFileReference; lastKnownFileType = file.storyboard; name = Base; path = Base.lproj/Main.storyboard; sourceTree = "<group>"; };
		117327CE2898FCD200188044 /* Assets.xcassets */ = {isa = PBXFileReference; lastKnownFileType = folder.assetcatalog; path = Assets.xcassets; sourceTree = "<group>"; };
		117327D12898FCD200188044 /* Base */ = {isa = PBXFileReference; lastKnownFileType = file.storyboard; name = Base; path = Base.lproj/LaunchScreen.storyboard; sourceTree = "<group>"; };
		117327D32898FCD200188044 /* Info.plist */ = {isa = PBXFileReference; lastKnownFileType = text.plist.xml; path = Info.plist; sourceTree = "<group>"; };
		117327DD2898FDB700188044 /* Network.swift */ = {isa = PBXFileReference; lastKnownFileType = sourcecode.swift; path = Network.swift; sourceTree = "<group>"; };
		117327DF2898FDC900188044 /* Post.swift */ = {isa = PBXFileReference; lastKnownFileType = sourcecode.swift; path = Post.swift; sourceTree = "<group>"; };
		117327E12898FDE900188044 /* PostTableViewCell.swift */ = {isa = PBXFileReference; lastKnownFileType = sourcecode.swift; path = PostTableViewCell.swift; sourceTree = "<group>"; };
		117327E22898FDEA00188044 /* PostTableViewCell.xib */ = {isa = PBXFileReference; lastKnownFileType = file.xib; path = PostTableViewCell.xib; sourceTree = "<group>"; };
		117327E52898FE0000188044 /* BaseViewController.swift */ = {isa = PBXFileReference; lastKnownFileType = sourcecode.swift; path = BaseViewController.swift; sourceTree = "<group>"; };
		117327E72898FE0A00188044 /* HomeViewController.swift */ = {isa = PBXFileReference; lastKnownFileType = sourcecode.swift; path = HomeViewController.swift; sourceTree = "<group>"; };
		117327E82898FE0A00188044 /* HomeViewController.xib */ = {isa = PBXFileReference; lastKnownFileType = file.xib; path = HomeViewController.xib; sourceTree = "<group>"; };
		117327EB2898FE1500188044 /* CreateViewController.swift */ = {isa = PBXFileReference; lastKnownFileType = sourcecode.swift; path = CreateViewController.swift; sourceTree = "<group>"; };
		117327EC2898FE1500188044 /* CreateViewController.xib */ = {isa = PBXFileReference; lastKnownFileType = file.xib; path = CreateViewController.xib; sourceTree = "<group>"; };
		117327F02898FE2700188044 /* EditViewController.swift */ = {isa = PBXFileReference; lastKnownFileType = sourcecode.swift; path = EditViewController.swift; sourceTree = "<group>"; };
		117327F12898FE2700188044 /* EditViewController.xib */ = {isa = PBXFileReference; lastKnownFileType = file.xib; path = EditViewController.xib; sourceTree = "<group>"; };
		117327F62899037600188044 /* HomePresenter.swift */ = {isa = PBXFileReference; lastKnownFileType = sourcecode.swift; path = HomePresenter.swift; sourceTree = "<group>"; };
		117327F82899038600188044 /* HomeInteractor.swift */ = {isa = PBXFileReference; lastKnownFileType = sourcecode.swift; path = HomeInteractor.swift; sourceTree = "<group>"; };
		117327FA2899039400188044 /* HomeRouting.swift */ = {isa = PBXFileReference; lastKnownFileType = sourcecode.swift; path = HomeRouting.swift; sourceTree = "<group>"; };
		117327FC2899039F00188044 /* HttpManager.swift */ = {isa = PBXFileReference; lastKnownFileType = sourcecode.swift; path = HttpManager.swift; sourceTree = "<group>"; };
		244EF40BD203572B022614C5 /* Pods-StoryboardViper.debug.xcconfig */ = {isa = PBXFileReference; includeInIndex = 1; lastKnownFileType = text.xcconfig; name = "Pods-StoryboardViper.debug.xcconfig"; path = "Target Support Files/Pods-StoryboardViper/Pods-StoryboardViper.debug.xcconfig"; sourceTree = "<group>"; };
		8D387532803CAA5A17D25695 /* Pods-StoryboardViper.release.xcconfig */ = {isa = PBXFileReference; includeInIndex = 1; lastKnownFileType = text.xcconfig; name = "Pods-StoryboardViper.release.xcconfig"; path = "Target Support Files/Pods-StoryboardViper/Pods-StoryboardViper.release.xcconfig"; sourceTree = "<group>"; };
		D3777EF6D54809CC3AF19EDF /* Pods_StoryboardViper.framework */ = {isa = PBXFileReference; explicitFileType = wrapper.framework; includeInIndex = 0; path = Pods_StoryboardViper.framework; sourceTree = BUILT_PRODUCTS_DIR; };
/* End PBXFileReference section */

/* Begin PBXFrameworksBuildPhase section */
		117327BF2898FCD000188044 /* Frameworks */ = {
			isa = PBXFrameworksBuildPhase;
			buildActionMask = 2147483647;
			files = (
				AE9536978F70694BE1F04D1E /* Pods_StoryboardViper.framework in Frameworks */,
			);
			runOnlyForDeploymentPostprocessing = 0;
		};
/* End PBXFrameworksBuildPhase section */

/* Begin PBXGroup section */
		117327B92898FCD000188044 = {
			isa = PBXGroup;
			children = (
				117327C42898FCD000188044 /* StoryboardViper */,
				117327C32898FCD000188044 /* Products */,
				BCF1B83BE77C003FDD979FF9 /* Pods */,
				B4F3ABB3406E27A5028FC57E /* Frameworks */,
			);
			sourceTree = "<group>";
		};
		117327C32898FCD000188044 /* Products */ = {
			isa = PBXGroup;
			children = (
				117327C22898FCD000188044 /* StoryboardViper.app */,
			);
			name = Products;
			sourceTree = "<group>";
		};
		117327C42898FCD000188044 /* StoryboardViper */ = {
			isa = PBXGroup;
			children = (
				117327D92898FD4400188044 /* controllers */,
				117327DC2898FD6900188044 /* cell */,
				117327DB2898FD5600188044 /* model */,
				117327DA2898FD4E00188044 /* network */,
				117327C52898FCD000188044 /* AppDelegate.swift */,
				117327C72898FCD000188044 /* SceneDelegate.swift */,
				117327C92898FCD000188044 /* ViewController.swift */,
				117327CB2898FCD000188044 /* Main.storyboard */,
				117327CE2898FCD200188044 /* Assets.xcassets */,
				117327D02898FCD200188044 /* LaunchScreen.storyboard */,
				117327D32898FCD200188044 /* Info.plist */,
			);
			path = StoryboardViper;
			sourceTree = "<group>";
		};
		117327D92898FD4400188044 /* controllers */ = {
			isa = PBXGroup;
			children = (
				117327E52898FE0000188044 /* BaseViewController.swift */,
				117327EF2898FE1800188044 /* home */,
				117327F52898FE3000188044 /* edit */,
				117327F42898FE2B00188044 /* create */,
			);
			path = controllers;
			sourceTree = "<group>";
		};
		117327DA2898FD4E00188044 /* network */ = {
			isa = PBXGroup;
			children = (
				117327DD2898FDB700188044 /* Network.swift */,
				117327FC2899039F00188044 /* HttpManager.swift */,
			);
			path = network;
			sourceTree = "<group>";
		};
		117327DB2898FD5600188044 /* model */ = {
			isa = PBXGroup;
			children = (
				117327DF2898FDC900188044 /* Post.swift */,
			);
			path = model;
			sourceTree = "<group>";
		};
		117327DC2898FD6900188044 /* cell */ = {
			isa = PBXGroup;
			children = (
				117327E12898FDE900188044 /* PostTableViewCell.swift */,
				117327E22898FDEA00188044 /* PostTableViewCell.xib */,
			);
			path = cell;
			sourceTree = "<group>";
		};
		117327EF2898FE1800188044 /* home */ = {
			isa = PBXGroup;
			children = (
				117327E72898FE0A00188044 /* HomeViewController.swift */,
				117327E82898FE0A00188044 /* HomeViewController.xib */,
				117327F62899037600188044 /* HomePresenter.swift */,
				117327F82899038600188044 /* HomeInteractor.swift */,
				117327FA2899039400188044 /* HomeRouting.swift */,
			);
			path = home;
			sourceTree = "<group>";
		};
		117327F42898FE2B00188044 /* create */ = {
			isa = PBXGroup;
			children = (
				117327EB2898FE1500188044 /* CreateViewController.swift */,
				117327EC2898FE1500188044 /* CreateViewController.xib */,
				115907FB28A0ECD7002C1C2F /* CreateRouting.swift */,
				115907FD28A0ECE3002C1C2F /* CreateInteractor.swift */,
				115907FF28A0ECF1002C1C2F /* CreatePresenter.swift */,
			);
			path = create;
			sourceTree = "<group>";
		};
		117327F52898FE3000188044 /* edit */ = {
			isa = PBXGroup;
			children = (
				117327F02898FE2700188044 /* EditViewController.swift */,
				117327F12898FE2700188044 /* EditViewController.xib */,
				115907F528A0EC8A002C1C2F /* EditPresenter.swift */,
				115907F728A0EC95002C1C2F /* EditRouter.swift */,
				115907F928A0ECAB002C1C2F /* EditInteractor.swift */,
			);
			path = edit;
			sourceTree = "<group>";
		};
		B4F3ABB3406E27A5028FC57E /* Frameworks */ = {
			isa = PBXGroup;
			children = (
				D3777EF6D54809CC3AF19EDF /* Pods_StoryboardViper.framework */,
			);
			name = Frameworks;
			sourceTree = "<group>";
		};
		BCF1B83BE77C003FDD979FF9 /* Pods */ = {
			isa = PBXGroup;
			children = (
				244EF40BD203572B022614C5 /* Pods-StoryboardViper.debug.xcconfig */,
				8D387532803CAA5A17D25695 /* Pods-StoryboardViper.release.xcconfig */,
			);
			path = Pods;
			sourceTree = "<group>";
		};
/* End PBXGroup section */

/* Begin PBXNativeTarget section */
		117327C12898FCD000188044 /* StoryboardViper */ = {
			isa = PBXNativeTarget;
			buildConfigurationList = 117327D62898FCD200188044 /* Build configuration list for PBXNativeTarget "StoryboardViper" */;
			buildPhases = (
				4AE6E892BA37F10526A64747 /* [CP] Check Pods Manifest.lock */,
				117327BE2898FCD000188044 /* Sources */,
				117327BF2898FCD000188044 /* Frameworks */,
				117327C02898FCD000188044 /* Resources */,
				3EBBBD936DA13011CF8D9D51 /* [CP] Embed Pods Frameworks */,
			);
			buildRules = (
			);
			dependencies = (
			);
			name = StoryboardViper;
			productName = StoryboardViper;
			productReference = 117327C22898FCD000188044 /* StoryboardViper.app */;
			productType = "com.apple.product-type.application";
		};
/* End PBXNativeTarget section */

/* Begin PBXProject section */
		117327BA2898FCD000188044 /* Project object */ = {
			isa = PBXProject;
			attributes = {
				BuildIndependentTargetsInParallel = 1;
				LastSwiftUpdateCheck = 1340;
				LastUpgradeCheck = 1340;
				TargetAttributes = {
					117327C12898FCD000188044 = {
						CreatedOnToolsVersion = 13.4.1;
					};
				};
			};
			buildConfigurationList = 117327BD2898FCD000188044 /* Build configuration list for PBXProject "StoryboardViper" */;
			compatibilityVersion = "Xcode 13.0";
			developmentRegion = en;
			hasScannedForEncodings = 0;
			knownRegions = (
				en,
				Base,
			);
			mainGroup = 117327B92898FCD000188044;
			productRefGroup = 117327C32898FCD000188044 /* Products */;
			projectDirPath = "";
			projectRoot = "";
			targets = (
				117327C12898FCD000188044 /* StoryboardViper */,
			);
		};
/* End PBXProject section */

/* Begin PBXResourcesBuildPhase section */
		117327C02898FCD000188044 /* Resources */ = {
			isa = PBXResourcesBuildPhase;
			buildActionMask = 2147483647;
			files = (
				117327D22898FCD200188044 /* LaunchScreen.storyboard in Resources */,
				117327CF2898FCD200188044 /* Assets.xcassets in Resources */,
				117327EE2898FE1500188044 /* CreateViewController.xib in Resources */,
				117327EA2898FE0A00188044 /* HomeViewController.xib in Resources */,
				117327CD2898FCD000188044 /* Main.storyboard in Resources */,
				117327E42898FDEA00188044 /* PostTableViewCell.xib in Resources */,
				117327F32898FE2700188044 /* EditViewController.xib in Resources */,
			);
			runOnlyForDeploymentPostprocessing = 0;
		};
/* End PBXResourcesBuildPhase section */

/* Begin PBXShellScriptBuildPhase section */
		3EBBBD936DA13011CF8D9D51 /* [CP] Embed Pods Frameworks */ = {
			isa = PBXShellScriptBuildPhase;
			buildActionMask = 2147483647;
			files = (
			);
			inputFileListPaths = (
				"${PODS_ROOT}/Target Support Files/Pods-StoryboardViper/Pods-StoryboardViper-frameworks-${CONFIGURATION}-input-files.xcfilelist",
			);
			name = "[CP] Embed Pods Frameworks";
			outputFileListPaths = (
				"${PODS_ROOT}/Target Support Files/Pods-StoryboardViper/Pods-StoryboardViper-frameworks-${CONFIGURATION}-output-files.xcfilelist",
			);
			runOnlyForDeploymentPostprocessing = 0;
			shellPath = /bin/sh;
			shellScript = "\"${PODS_ROOT}/Target Support Files/Pods-StoryboardViper/Pods-StoryboardViper-frameworks.sh\"\n";
			showEnvVarsInLog = 0;
		};
		4AE6E892BA37F10526A64747 /* [CP] Check Pods Manifest.lock */ = {
			isa = PBXShellScriptBuildPhase;
			buildActionMask = 2147483647;
			files = (
			);
			inputFileListPaths = (
			);
			inputPaths = (
				"${PODS_PODFILE_DIR_PATH}/Podfile.lock",
				"${PODS_ROOT}/Manifest.lock",
			);
			name = "[CP] Check Pods Manifest.lock";
			outputFileListPaths = (
			);
			outputPaths = (
				"$(DERIVED_FILE_DIR)/Pods-StoryboardViper-checkManifestLockResult.txt",
			);
			runOnlyForDeploymentPostprocessing = 0;
			shellPath = /bin/sh;
			shellScript = "diff \"${PODS_PODFILE_DIR_PATH}/Podfile.lock\" \"${PODS_ROOT}/Manifest.lock\" > /dev/null\nif [ $? != 0 ] ; then\n    # print error to STDERR\n    echo \"error: The sandbox is not in sync with the Podfile.lock. Run 'pod install' or update your CocoaPods installation.\" >&2\n    exit 1\nfi\n# This output is used by Xcode 'outputs' to avoid re-running this script phase.\necho \"SUCCESS\" > \"${SCRIPT_OUTPUT_FILE_0}\"\n";
			showEnvVarsInLog = 0;
		};
/* End PBXShellScriptBuildPhase section */

/* Begin PBXSourcesBuildPhase section */
		117327BE2898FCD000188044 /* Sources */ = {
			isa = PBXSourcesBuildPhase;
			buildActionMask = 2147483647;
			files = (
				117327F22898FE2700188044 /* EditViewController.swift in Sources */,
				117327FD2899039F00188044 /* HttpManager.swift in Sources */,
				115907F828A0EC95002C1C2F /* EditRouter.swift in Sources */,
				115907FA28A0ECAB002C1C2F /* EditInteractor.swift in Sources */,
				117327CA2898FCD000188044 /* ViewController.swift in Sources */,
				117327C62898FCD000188044 /* AppDelegate.swift in Sources */,
				117327F92899038600188044 /* HomeInteractor.swift in Sources */,
				115907F628A0EC8A002C1C2F /* EditPresenter.swift in Sources */,
				117327ED2898FE1500188044 /* CreateViewController.swift in Sources */,
				117327DE2898FDB700188044 /* Network.swift in Sources */,
				115907FE28A0ECE3002C1C2F /* CreateInteractor.swift in Sources */,
				117327E92898FE0A00188044 /* HomeViewController.swift in Sources */,
				1159080028A0ECF1002C1C2F /* CreatePresenter.swift in Sources */,
				117327FB2899039400188044 /* HomeRouting.swift in Sources */,
				117327C82898FCD000188044 /* SceneDelegate.swift in Sources */,
				117327E02898FDC900188044 /* Post.swift in Sources */,
				115907FC28A0ECD7002C1C2F /* CreateRouting.swift in Sources */,
				117327E62898FE0000188044 /* BaseViewController.swift in Sources */,
				117327E32898FDEA00188044 /* PostTableViewCell.swift in Sources */,
				117327F72899037600188044 /* HomePresenter.swift in Sources */,
			);
			runOnlyForDeploymentPostprocessing = 0;
		};
/* End PBXSourcesBuildPhase section */

/* Begin PBXVariantGroup section */
		117327CB2898FCD000188044 /* Main.storyboard */ = {
			isa = PBXVariantGroup;
			children = (
				117327CC2898FCD000188044 /* Base */,
			);
			name = Main.storyboard;
			sourceTree = "<group>";
		};
		117327D02898FCD200188044 /* LaunchScreen.storyboard */ = {
			isa = PBXVariantGroup;
			children = (
				117327D12898FCD200188044 /* Base */,
			);
			name = LaunchScreen.storyboard;
			sourceTree = "<group>";
		};
/* End PBXVariantGroup section */

/* Begin XCBuildConfiguration section */
		117327D42898FCD200188044 /* Debug */ = {
			isa = XCBuildConfiguration;
			buildSettings = {
				ALWAYS_SEARCH_USER_PATHS = NO;
				CLANG_ANALYZER_NONNULL = YES;
				CLANG_ANALYZER_NUMBER_OBJECT_CONVERSION = YES_AGGRESSIVE;
				CLANG_CXX_LANGUAGE_STANDARD = "gnu++17";
				CLANG_ENABLE_MODULES = YES;
				CLANG_ENABLE_OBJC_ARC = YES;
				CLANG_ENABLE_OBJC_WEAK = YES;
				CLANG_WARN_BLOCK_CAPTURE_AUTORELEASING = YES;
				CLANG_WARN_BOOL_CONVERSION = YES;
				CLANG_WARN_COMMA = YES;
				CLANG_WARN_CONSTANT_CONVERSION = YES;
				CLANG_WARN_DEPRECATED_OBJC_IMPLEMENTATIONS = YES;
				CLANG_WARN_DIRECT_OBJC_ISA_USAGE = YES_ERROR;
				CLANG_WARN_DOCUMENTATION_COMMENTS = YES;
				CLANG_WARN_EMPTY_BODY = YES;
				CLANG_WARN_ENUM_CONVERSION = YES;
				CLANG_WARN_INFINITE_RECURSION = YES;
				CLANG_WARN_INT_CONVERSION = YES;
				CLANG_WARN_NON_LITERAL_NULL_CONVERSION = YES;
				CLANG_WARN_OBJC_IMPLICIT_RETAIN_SELF = YES;
				CLANG_WARN_OBJC_LITERAL_CONVERSION = YES;
				CLANG_WARN_OBJC_ROOT_CLASS = YES_ERROR;
				CLANG_WARN_QUOTED_INCLUDE_IN_FRAMEWORK_HEADER = YES;
				CLANG_WARN_RANGE_LOOP_ANALYSIS = YES;
				CLANG_WARN_STRICT_PROTOTYPES = YES;
				CLANG_WARN_SUSPICIOUS_MOVE = YES;
				CLANG_WARN_UNGUARDED_AVAILABILITY = YES_AGGRESSIVE;
				CLANG_WARN_UNREACHABLE_CODE = YES;
				CLANG_WARN__DUPLICATE_METHOD_MATCH = YES;
				COPY_PHASE_STRIP = NO;
				DEBUG_INFORMATION_FORMAT = dwarf;
				ENABLE_STRICT_OBJC_MSGSEND = YES;
				ENABLE_TESTABILITY = YES;
				GCC_C_LANGUAGE_STANDARD = gnu11;
				GCC_DYNAMIC_NO_PIC = NO;
				GCC_NO_COMMON_BLOCKS = YES;
				GCC_OPTIMIZATION_LEVEL = 0;
				GCC_PREPROCESSOR_DEFINITIONS = (
					"DEBUG=1",
					"$(inherited)",
				);
				GCC_WARN_64_TO_32_BIT_CONVERSION = YES;
				GCC_WARN_ABOUT_RETURN_TYPE = YES_ERROR;
				GCC_WARN_UNDECLARED_SELECTOR = YES;
				GCC_WARN_UNINITIALIZED_AUTOS = YES_AGGRESSIVE;
				GCC_WARN_UNUSED_FUNCTION = YES;
				GCC_WARN_UNUSED_VARIABLE = YES;
				IPHONEOS_DEPLOYMENT_TARGET = 15.5;
				MTL_ENABLE_DEBUG_INFO = INCLUDE_SOURCE;
				MTL_FAST_MATH = YES;
				ONLY_ACTIVE_ARCH = YES;
				SDKROOT = iphoneos;
				SWIFT_ACTIVE_COMPILATION_CONDITIONS = DEBUG;
				SWIFT_OPTIMIZATION_LEVEL = "-Onone";
			};
			name = Debug;
		};
		117327D52898FCD200188044 /* Release */ = {
			isa = XCBuildConfiguration;
			buildSettings = {
				ALWAYS_SEARCH_USER_PATHS = NO;
				CLANG_ANALYZER_NONNULL = YES;
				CLANG_ANALYZER_NUMBER_OBJECT_CONVERSION = YES_AGGRESSIVE;
				CLANG_CXX_LANGUAGE_STANDARD = "gnu++17";
				CLANG_ENABLE_MODULES = YES;
				CLANG_ENABLE_OBJC_ARC = YES;
				CLANG_ENABLE_OBJC_WEAK = YES;
				CLANG_WARN_BLOCK_CAPTURE_AUTORELEASING = YES;
				CLANG_WARN_BOOL_CONVERSION = YES;
				CLANG_WARN_COMMA = YES;
				CLANG_WARN_CONSTANT_CONVERSION = YES;
				CLANG_WARN_DEPRECATED_OBJC_IMPLEMENTATIONS = YES;
				CLANG_WARN_DIRECT_OBJC_ISA_USAGE = YES_ERROR;
				CLANG_WARN_DOCUMENTATION_COMMENTS = YES;
				CLANG_WARN_EMPTY_BODY = YES;
				CLANG_WARN_ENUM_CONVERSION = YES;
				CLANG_WARN_INFINITE_RECURSION = YES;
				CLANG_WARN_INT_CONVERSION = YES;
				CLANG_WARN_NON_LITERAL_NULL_CONVERSION = YES;
				CLANG_WARN_OBJC_IMPLICIT_RETAIN_SELF = YES;
				CLANG_WARN_OBJC_LITERAL_CONVERSION = YES;
				CLANG_WARN_OBJC_ROOT_CLASS = YES_ERROR;
				CLANG_WARN_QUOTED_INCLUDE_IN_FRAMEWORK_HEADER = YES;
				CLANG_WARN_RANGE_LOOP_ANALYSIS = YES;
				CLANG_WARN_STRICT_PROTOTYPES = YES;
				CLANG_WARN_SUSPICIOUS_MOVE = YES;
				CLANG_WARN_UNGUARDED_AVAILABILITY = YES_AGGRESSIVE;
				CLANG_WARN_UNREACHABLE_CODE = YES;
				CLANG_WARN__DUPLICATE_METHOD_MATCH = YES;
				COPY_PHASE_STRIP = NO;
				DEBUG_INFORMATION_FORMAT = "dwarf-with-dsym";
				ENABLE_NS_ASSERTIONS = NO;
				ENABLE_STRICT_OBJC_MSGSEND = YES;
				GCC_C_LANGUAGE_STANDARD = gnu11;
				GCC_NO_COMMON_BLOCKS = YES;
				GCC_WARN_64_TO_32_BIT_CONVERSION = YES;
				GCC_WARN_ABOUT_RETURN_TYPE = YES_ERROR;
				GCC_WARN_UNDECLARED_SELECTOR = YES;
				GCC_WARN_UNINITIALIZED_AUTOS = YES_AGGRESSIVE;
				GCC_WARN_UNUSED_FUNCTION = YES;
				GCC_WARN_UNUSED_VARIABLE = YES;
				IPHONEOS_DEPLOYMENT_TARGET = 15.5;
				MTL_ENABLE_DEBUG_INFO = NO;
				MTL_FAST_MATH = YES;
				SDKROOT = iphoneos;
				SWIFT_COMPILATION_MODE = wholemodule;
				SWIFT_OPTIMIZATION_LEVEL = "-O";
				VALIDATE_PRODUCT = YES;
			};
			name = Release;
		};
		117327D72898FCD200188044 /* Debug */ = {
			isa = XCBuildConfiguration;
			baseConfigurationReference = 244EF40BD203572B022614C5 /* Pods-StoryboardViper.debug.xcconfig */;
			buildSettings = {
				ASSETCATALOG_COMPILER_APPICON_NAME = AppIcon;
				ASSETCATALOG_COMPILER_GLOBAL_ACCENT_COLOR_NAME = AccentColor;
				CODE_SIGN_STYLE = Automatic;
				CURRENT_PROJECT_VERSION = 1;
				GENERATE_INFOPLIST_FILE = YES;
				INFOPLIST_FILE = StoryboardViper/Info.plist;
				INFOPLIST_KEY_UIApplicationSupportsIndirectInputEvents = YES;
				INFOPLIST_KEY_UILaunchStoryboardName = LaunchScreen;
				INFOPLIST_KEY_UIMainStoryboardFile = Main;
				INFOPLIST_KEY_UISupportedInterfaceOrientations_iPad = "UIInterfaceOrientationPortrait UIInterfaceOrientationPortraitUpsideDown UIInterfaceOrientationLandscapeLeft UIInterfaceOrientationLandscapeRight";
				INFOPLIST_KEY_UISupportedInterfaceOrientations_iPhone = "UIInterfaceOrientationPortrait UIInterfaceOrientationLandscapeLeft UIInterfaceOrientationLandscapeRight";
				LD_RUNPATH_SEARCH_PATHS = (
					"$(inherited)",
					"@executable_path/Frameworks",
				);
				MARKETING_VERSION = 1.0;
				PRODUCT_BUNDLE_IDENTIFIER = co.abu.StoryboardViper;
				PRODUCT_NAME = "$(TARGET_NAME)";
				SWIFT_EMIT_LOC_STRINGS = YES;
				SWIFT_VERSION = 5.0;
				TARGETED_DEVICE_FAMILY = "1,2";
			};
			name = Debug;
		};
		117327D82898FCD200188044 /* Release */ = {
			isa = XCBuildConfiguration;
			baseConfigurationReference = 8D387532803CAA5A17D25695 /* Pods-StoryboardViper.release.xcconfig */;
			buildSettings = {
				ASSETCATALOG_COMPILER_APPICON_NAME = AppIcon;
				ASSETCATALOG_COMPILER_GLOBAL_ACCENT_COLOR_NAME = AccentColor;
				CODE_SIGN_STYLE = Automatic;
				CURRENT_PROJECT_VERSION = 1;
				GENERATE_INFOPLIST_FILE = YES;
				INFOPLIST_FILE = StoryboardViper/Info.plist;
				INFOPLIST_KEY_UIApplicationSupportsIndirectInputEvents = YES;
				INFOPLIST_KEY_UILaunchStoryboardName = LaunchScreen;
				INFOPLIST_KEY_UIMainStoryboardFile = Main;
				INFOPLIST_KEY_UISupportedInterfaceOrientations_iPad = "UIInterfaceOrientationPortrait UIInterfaceOrientationPortraitUpsideDown UIInterfaceOrientationLandscapeLeft UIInterfaceOrientationLandscapeRight";
				INFOPLIST_KEY_UISupportedInterfaceOrientations_iPhone = "UIInterfaceOrientationPortrait UIInterfaceOrientationLandscapeLeft UIInterfaceOrientationLandscapeRight";
				LD_RUNPATH_SEARCH_PATHS = (
					"$(inherited)",
					"@executable_path/Frameworks",
				);
				MARKETING_VERSION = 1.0;
				PRODUCT_BUNDLE_IDENTIFIER = co.abu.StoryboardViper;
				PRODUCT_NAME = "$(TARGET_NAME)";
				SWIFT_EMIT_LOC_STRINGS = YES;
				SWIFT_VERSION = 5.0;
				TARGETED_DEVICE_FAMILY = "1,2";
			};
			name = Release;
		};
/* End XCBuildConfiguration section */

/* Begin XCConfigurationList section */
		117327BD2898FCD000188044 /* Build configuration list for PBXProject "StoryboardViper" */ = {
			isa = XCConfigurationList;
			buildConfigurations = (
				117327D42898FCD200188044 /* Debug */,
				117327D52898FCD200188044 /* Release */,
			);
			defaultConfigurationIsVisible = 0;
			defaultConfigurationName = Release;
		};
		117327D62898FCD200188044 /* Build configuration list for PBXNativeTarget "StoryboardViper" */ = {
			isa = XCConfigurationList;
			buildConfigurations = (
				117327D72898FCD200188044 /* Debug */,
				117327D82898FCD200188044 /* Release */,
			);
			defaultConfigurationIsVisible = 0;
			defaultConfigurationName = Release;
		};
/* End XCConfigurationList section */
	};
	rootObject = 117327BA2898FCD000188044 /* Project object */;
}
